
Microsoft Visual Studio Solution File, Format Version 12.00
# Visual Studio Version 17
VisualStudioVersion = 17.13.35825.156 d17.13
MinimumVisualStudioVersion = 10.0.40219.1
Project("{FAE04EC0-301F-11D3-BF4B-00C04F79EFBC}") = "parte 2-1", "parte 2-1.csproj", "{CFAEAB33-94BA-4CD3-9A09-FB1B35FB7835}"
EndProject
Global
	GlobalSection(SolutionConfigurationPlatforms) = preSolution
		Debug|Any CPU = Debug|Any CPU
		Release|Any CPU = Release|Any CPU
	EndGlobalSection
	GlobalSection(ProjectConfigurationPlatforms) = postSolution
		{CFAEAB33-94BA-4CD3-9A09-FB1B35FB7835}.Debug|Any CPU.ActiveCfg = Debug|Any CPU
		{CFAEAB33-94BA-4CD3-9A09-FB1B35FB7835}.Debug|Any CPU.Build.0 = Debug|Any CPU
		{CFAEAB33-94BA-4CD3-9A09-FB1B35FB7835}.Release|Any CPU.ActiveCfg = Release|Any CPU
		{CFAEAB33-94BA-4CD3-9A09-FB1B35FB7835}.Release|Any CPU.Build.0 = Release|Any CPU
	EndGlobalSection
	GlobalSection(SolutionProperties) = preSolution
		HideSolutionNode = FALSE
	EndGlobalSection
	GlobalSection(ExtensibilityGlobals) = postSolution
		SolutionGuid = {20B7C613-38D0-4274-9859-94D6AAAAF772}
	EndGlobalSection
EndGlobal
